
Microsoft Visual Studio Solution File, Format Version 12.00
# Visual Studio Version 16
VisualStudioVersion = 16.0.33130.400
MinimumVisualStudioVersion = 10.0.40219.1
Project("{FAE04EC0-301F-11D3-BF4B-00C04F79EFBC}") = "LoginAppWithSessionInAsp.Net", "LoginAppWithSessionInAsp.Net\LoginAppWithSessionInAsp.Net.csproj", "{1C60004A-44FF-44A5-A928-A2F65157AE27}"
EndProject
Global
	GlobalSection(SolutionConfigurationPlatforms) = preSolution
		Debug|Any CPU = Debug|Any CPU
		Release|Any CPU = Release|Any CPU
	EndGlobalSection
	GlobalSection(ProjectConfigurationPlatforms) = postSolution
		{1C60004A-44FF-44A5-A928-A2F65157AE27}.Debug|Any CPU.ActiveCfg = Debug|Any CPU
		{1C60004A-44FF-44A5-A928-A2F65157AE27}.Debug|Any CPU.Build.0 = Debug|Any CPU
		{1C60004A-44FF-44A5-A928-A2F65157AE27}.Release|Any CPU.ActiveCfg = Release|Any CPU
		{1C60004A-44FF-44A5-A928-A2F65157AE27}.Release|Any CPU.Build.0 = Release|Any CPU
	EndGlobalSection
	GlobalSection(SolutionProperties) = preSolution
		HideSolutionNode = FALSE
	EndGlobalSection
	GlobalSection(ExtensibilityGlobals) = postSolution
		SolutionGuid = {7B70267B-2897-4ED2-9746-D0620C6AAB28}
	EndGlobalSection
EndGlobal
